
Microsoft Visual Studio Solution File, Format Version 12.00
# Visual Studio Version 17
VisualStudioVersion = 17.6.33829.357
MinimumVisualStudioVersion = 10.0.40219.1
Project("{9A19103F-16F7-4668-BE54-9A1E7A4F7556}") = "BumpX_GUI", "WinFormsApp1\BumpX_GUI.csproj", "{1871C393-FFDB-49D5-985B-2C755C076071}"
EndProject
Global
	GlobalSection(SolutionConfigurationPlatforms) = preSolution
		Debug|Any CPU = Debug|Any CPU
		Release|Any CPU = Release|Any CPU
	EndGlobalSection
	GlobalSection(ProjectConfigurationPlatforms) = postSolution
		{1871C393-FFDB-49D5-985B-2C755C076071}.Debug|Any CPU.ActiveCfg = Debug|Any CPU
		{1871C393-FFDB-49D5-985B-2C755C076071}.Debug|Any CPU.Build.0 = Debug|Any CPU
		{1871C393-FFDB-49D5-985B-2C755C076071}.Release|Any CPU.ActiveCfg = Release|Any CPU
		{1871C393-FFDB-49D5-985B-2C755C076071}.Release|Any CPU.Build.0 = Release|Any CPU
	EndGlobalSection
	GlobalSection(SolutionProperties) = preSolution
		HideSolutionNode = FALSE
	EndGlobalSection
	GlobalSection(ExtensibilityGlobals) = postSolution
		SolutionGuid = {52BC9240-F9E4-4FC8-A13E-56D9880CEFDE}
	EndGlobalSection
EndGlobal
